
Microsoft Visual Studio Solution File, Format Version 12.00
# Visual Studio Version 17
VisualStudioVersion = 17.1.32104.313
MinimumVisualStudioVersion = 10.0.40219.1
Project("{8BC9CEB8-8B4A-11D0-8D11-00A0C91BC942}") = "BSCS20056_File Compressor", "BSCS20056_File Compressor.vcxproj", "{B658DB13-B6CB-4394-90BD-CDFB20FEE82D}"
EndProject
Global
	GlobalSection(SolutionConfigurationPlatforms) = preSolution
		Debug|x64 = Debug|x64
		Debug|x86 = Debug|x86
		Release|x64 = Release|x64
		Release|x86 = Release|x86
	EndGlobalSection
	GlobalSection(ProjectConfigurationPlatforms) = postSolution
		{B658DB13-B6CB-4394-90BD-CDFB20FEE82D}.Debug|x64.ActiveCfg = Debug|x64
		{B658DB13-B6CB-4394-90BD-CDFB20FEE82D}.Debug|x64.Build.0 = Debug|x64
		{B658DB13-B6CB-4394-90BD-CDFB20FEE82D}.Debug|x86.ActiveCfg = Debug|Win32
		{B658DB13-B6CB-4394-90BD-CDFB20FEE82D}.Debug|x86.Build.0 = Debug|Win32
		{B658DB13-B6CB-4394-90BD-CDFB20FEE82D}.Release|x64.ActiveCfg = Release|x64
		{B658DB13-B6CB-4394-90BD-CDFB20FEE82D}.Release|x64.Build.0 = Release|x64
		{B658DB13-B6CB-4394-90BD-CDFB20FEE82D}.Release|x86.ActiveCfg = Release|Win32
		{B658DB13-B6CB-4394-90BD-CDFB20FEE82D}.Release|x86.Build.0 = Release|Win32
	EndGlobalSection
	GlobalSection(SolutionProperties) = preSolution
		HideSolutionNode = FALSE
	EndGlobalSection
	GlobalSection(ExtensibilityGlobals) = postSolution
		SolutionGuid = {1E152420-C3D2-41AE-B1A4-56BA6989890D}
	EndGlobalSection
EndGlobal
